{
  "name": "homepage",
  "lockfileVersion": 3,
  "requires": true,
  "packages": {
    "": {
      "dependencies": {
        "bigger-picture": "^1.1.16"
      }
    },
    "node_modules/bigger-picture": {
      "version": "1.1.16",
      "resolved": "https://registry.npmjs.org/bigger-picture/-/bigger-picture-1.1.16.tgz",
      "integrity": "sha512-dLy5K0NFgvknqU21HektQTdP7ZlLNVJ7BFPRvB0/XqZ0qfLAntIT0Pa78HvXLl2M9H/x7t74HlNRJdgb7NtEgA=="
    }
  }
}
